
Microsoft Visual Studio Solution File, Format Version 12.00
# Visual Studio 14
VisualStudioVersion = 14.0.25420.1
MinimumVisualStudioVersion = 10.0.40219.1
Project("{FAE04EC0-301F-11D3-BF4B-00C04F79EFBC}") = "WithoutHaste.Sequences", "WithoutHaste.Sequences\WithoutHaste.Sequences.csproj", "{80240DE8-5256-4FC1-9CA7-DFF3EF8E4577}"
EndProject
Project("{FAE04EC0-301F-11D3-BF4B-00C04F79EFBC}") = "TestSequences", "TestSequences\TestSequences.csproj", "{CE584700-0469-42B2-A138-8766F2ABFD44}"
EndProject
Global
	GlobalSection(SolutionConfigurationPlatforms) = preSolution
		Debug|Any CPU = Debug|Any CPU
		Release|Any CPU = Release|Any CPU
	EndGlobalSection
	GlobalSection(ProjectConfigurationPlatforms) = postSolution
		{80240DE8-5256-4FC1-9CA7-DFF3EF8E4577}.Debug|Any CPU.ActiveCfg = Debug|Any CPU
		{80240DE8-5256-4FC1-9CA7-DFF3EF8E4577}.Debug|Any CPU.Build.0 = Debug|Any CPU
		{80240DE8-5256-4FC1-9CA7-DFF3EF8E4577}.Release|Any CPU.ActiveCfg = Release|Any CPU
		{80240DE8-5256-4FC1-9CA7-DFF3EF8E4577}.Release|Any CPU.Build.0 = Release|Any CPU
		{CE584700-0469-42B2-A138-8766F2ABFD44}.Debug|Any CPU.ActiveCfg = Debug|Any CPU
		{CE584700-0469-42B2-A138-8766F2ABFD44}.Debug|Any CPU.Build.0 = Debug|Any CPU
		{CE584700-0469-42B2-A138-8766F2ABFD44}.Release|Any CPU.ActiveCfg = Release|Any CPU
		{CE584700-0469-42B2-A138-8766F2ABFD44}.Release|Any CPU.Build.0 = Release|Any CPU
	EndGlobalSection
	GlobalSection(SolutionProperties) = preSolution
		HideSolutionNode = FALSE
	EndGlobalSection
EndGlobal
